// !$*UTF8*$!
{
	archiveVersion = 1;
	classes = {
	};
	objectVersion = 56;
	objects = {

/* Begin PBXBuildFile section */
		C23A977529BF2DC20055B8C8 /* RoundedCorners.swift in Sources */ = {isa = PBXBuildFile; fileRef = C23A977429BF2DC20055B8C8 /* RoundedCorners.swift */; };
		C23A977729BF35EE0055B8C8 /* Person.swift in Sources */ = {isa = PBXBuildFile; fileRef = C23A977629BF35EE0055B8C8 /* Person.swift */; };
		C23A977929BF40CF0055B8C8 /* AuthData.swift in Sources */ = {isa = PBXBuildFile; fileRef = C23A977829BF40CF0055B8C8 /* AuthData.swift */; };
		C2B07B4D2992696D00ADF7B3 /* SchoolStoreApp.swift in Sources */ = {isa = PBXBuildFile; fileRef = C2B07B4C2992696D00ADF7B3 /* SchoolStoreApp.swift */; };
		C2B07B512992696E00ADF7B3 /* Assets.xcassets in Resources */ = {isa = PBXBuildFile; fileRef = C2B07B502992696E00ADF7B3 /* Assets.xcassets */; };
		C2B07B542992696E00ADF7B3 /* Preview Assets.xcassets in Resources */ = {isa = PBXBuildFile; fileRef = C2B07B532992696E00ADF7B3 /* Preview Assets.xcassets */; };
		C2B07B63299272DD00ADF7B3 /* Localizable.strings in Resources */ = {isa = PBXBuildFile; fileRef = C2B07B62299272DD00ADF7B3 /* Localizable.strings */; };
		C2B07B66299274E200ADF7B3 /* Assets.swift in Sources */ = {isa = PBXBuildFile; fileRef = C2B07B65299274E200ADF7B3 /* Assets.swift */; };
		C2B07B68299274EB00ADF7B3 /* Strings.swift in Sources */ = {isa = PBXBuildFile; fileRef = C2B07B67299274EB00ADF7B3 /* Strings.swift */; };
		C2B07B6D29927AAC00ADF7B3 /* AuthView.swift in Sources */ = {isa = PBXBuildFile; fileRef = C2B07B6C29927AAC00ADF7B3 /* AuthView.swift */; };
		C2B07B6F29927B5400ADF7B3 /* AuthVM.swift in Sources */ = {isa = PBXBuildFile; fileRef = C2B07B6E29927B5400ADF7B3 /* AuthVM.swift */; };
		C2B07B7229927CD000ADF7B3 /* AppState.swift in Sources */ = {isa = PBXBuildFile; fileRef = C2B07B7129927CD000ADF7B3 /* AppState.swift */; };
		C2B07B75299289BA00ADF7B3 /* TabBar.swift in Sources */ = {isa = PBXBuildFile; fileRef = C2B07B74299289BA00ADF7B3 /* TabBar.swift */; };
		C2B07B79299296E200ADF7B3 /* AimatableFontModifier.swift in Sources */ = {isa = PBXBuildFile; fileRef = C2B07B78299296E200ADF7B3 /* AimatableFontModifier.swift */; };
		C2EA5DD32993983400019A5D /* Routes.swift in Sources */ = {isa = PBXBuildFile; fileRef = C2EA5DD22993983400019A5D /* Routes.swift */; };
		C2EA5DD5299398A100019A5D /* Router.swift in Sources */ = {isa = PBXBuildFile; fileRef = C2EA5DD4299398A100019A5D /* Router.swift */; };
		C2EA5DD72993A2EE00019A5D /* RouterView.swift in Sources */ = {isa = PBXBuildFile; fileRef = C2EA5DD62993A2EE00019A5D /* RouterView.swift */; };
		C2EA5DE92993EA2A00019A5D /* InputIconModifier.swift in Sources */ = {isa = PBXBuildFile; fileRef = C2EA5DE82993EA2A00019A5D /* InputIconModifier.swift */; };
		C2F47CC9299417300055DD97 /* EmailFieldView.swift in Sources */ = {isa = PBXBuildFile; fileRef = C2F47CC8299417300055DD97 /* EmailFieldView.swift */; };
		C2F47CCB299418280055DD97 /* PasswordField.swift in Sources */ = {isa = PBXBuildFile; fileRef = C2F47CCA299418280055DD97 /* PasswordField.swift */; };
/* End PBXBuildFile section */

/* Begin PBXFileReference section */
		C23A977429BF2DC20055B8C8 /* RoundedCorners.swift */ = {isa = PBXFileReference; lastKnownFileType = sourcecode.swift; path = RoundedCorners.swift; sourceTree = "<group>"; };
		C23A977629BF35EE0055B8C8 /* Person.swift */ = {isa = PBXFileReference; lastKnownFileType = sourcecode.swift; path = Person.swift; sourceTree = "<group>"; };
		C23A977829BF40CF0055B8C8 /* AuthData.swift */ = {isa = PBXFileReference; lastKnownFileType = sourcecode.swift; path = AuthData.swift; sourceTree = "<group>"; };
		C2B07B492992696D00ADF7B3 /* SchoolStore.app */ = {isa = PBXFileReference; explicitFileType = wrapper.application; includeInIndex = 0; path = SchoolStore.app; sourceTree = BUILT_PRODUCTS_DIR; };
		C2B07B4C2992696D00ADF7B3 /* SchoolStoreApp.swift */ = {isa = PBXFileReference; lastKnownFileType = sourcecode.swift; path = SchoolStoreApp.swift; sourceTree = "<group>"; };
		C2B07B502992696E00ADF7B3 /* Assets.xcassets */ = {isa = PBXFileReference; lastKnownFileType = folder.assetcatalog; path = Assets.xcassets; sourceTree = "<group>"; };
		C2B07B532992696E00ADF7B3 /* Preview Assets.xcassets */ = {isa = PBXFileReference; lastKnownFileType = folder.assetcatalog; path = "Preview Assets.xcassets"; sourceTree = "<group>"; };
		C2B07B62299272DD00ADF7B3 /* Localizable.strings */ = {isa = PBXFileReference; lastKnownFileType = text.plist.strings; path = Localizable.strings; sourceTree = "<group>"; };
		C2B07B65299274E200ADF7B3 /* Assets.swift */ = {isa = PBXFileReference; lastKnownFileType = sourcecode.swift; path = Assets.swift; sourceTree = "<group>"; };
		C2B07B67299274EB00ADF7B3 /* Strings.swift */ = {isa = PBXFileReference; lastKnownFileType = sourcecode.swift; path = Strings.swift; sourceTree = "<group>"; };
		C2B07B6C29927AAC00ADF7B3 /* AuthView.swift */ = {isa = PBXFileReference; lastKnownFileType = sourcecode.swift; path = AuthView.swift; sourceTree = "<group>"; };
		C2B07B6E29927B5400ADF7B3 /* AuthVM.swift */ = {isa = PBXFileReference; lastKnownFileType = sourcecode.swift; path = AuthVM.swift; sourceTree = "<group>"; };
		C2B07B7129927CD000ADF7B3 /* AppState.swift */ = {isa = PBXFileReference; lastKnownFileType = sourcecode.swift; path = AppState.swift; sourceTree = "<group>"; };
		C2B07B74299289BA00ADF7B3 /* TabBar.swift */ = {isa = PBXFileReference; lastKnownFileType = sourcecode.swift; path = TabBar.swift; sourceTree = "<group>"; };
		C2B07B78299296E200ADF7B3 /* AimatableFontModifier.swift */ = {isa = PBXFileReference; lastKnownFileType = sourcecode.swift; path = AimatableFontModifier.swift; sourceTree = "<group>"; };
		C2EA5DD22993983400019A5D /* Routes.swift */ = {isa = PBXFileReference; lastKnownFileType = sourcecode.swift; path = Routes.swift; sourceTree = "<group>"; };
		C2EA5DD4299398A100019A5D /* Router.swift */ = {isa = PBXFileReference; lastKnownFileType = sourcecode.swift; path = Router.swift; sourceTree = "<group>"; };
		C2EA5DD62993A2EE00019A5D /* RouterView.swift */ = {isa = PBXFileReference; lastKnownFileType = sourcecode.swift; path = RouterView.swift; sourceTree = "<group>"; };
		C2EA5DE82993EA2A00019A5D /* InputIconModifier.swift */ = {isa = PBXFileReference; lastKnownFileType = sourcecode.swift; path = InputIconModifier.swift; sourceTree = "<group>"; };
		C2F47CC8299417300055DD97 /* EmailFieldView.swift */ = {isa = PBXFileReference; lastKnownFileType = sourcecode.swift; path = EmailFieldView.swift; sourceTree = "<group>"; };
		C2F47CCA299418280055DD97 /* PasswordField.swift */ = {isa = PBXFileReference; lastKnownFileType = sourcecode.swift; path = PasswordField.swift; sourceTree = "<group>"; };
/* End PBXFileReference section */

/* Begin PBXFrameworksBuildPhase section */
		C2B07B462992696D00ADF7B3 /* Frameworks */ = {
			isa = PBXFrameworksBuildPhase;
			buildActionMask = 2147483647;
			files = (
			);
			runOnlyForDeploymentPostprocessing = 0;
		};
/* End PBXFrameworksBuildPhase section */

/* Begin PBXGroup section */
		C23A977329BF2D880055B8C8 /* RoundedCorners */ = {
			isa = PBXGroup;
			children = (
				C23A977429BF2DC20055B8C8 /* RoundedCorners.swift */,
			);
			path = RoundedCorners;
			sourceTree = "<group>";
		};
		C2B07B402992696D00ADF7B3 = {
			isa = PBXGroup;
			children = (
				C2B07B4B2992696D00ADF7B3 /* SchoolStore */,
				C2B07B4A2992696D00ADF7B3 /* Products */,
			);
			sourceTree = "<group>";
		};
		C2B07B4A2992696D00ADF7B3 /* Products */ = {
			isa = PBXGroup;
			children = (
				C2B07B492992696D00ADF7B3 /* SchoolStore.app */,
			);
			name = Products;
			sourceTree = "<group>";
		};
		C2B07B4B2992696D00ADF7B3 /* SchoolStore */ = {
			isa = PBXGroup;
			children = (
				C2B07B4C2992696D00ADF7B3 /* SchoolStoreApp.swift */,
				C2B07B692992756C00ADF7B3 /* Common */,
				C2B07B5C299270BF00ADF7B3 /* Buisness */,
				C2B07B5F299270FF00ADF7B3 /* Modules */,
				C2B07B522992696E00ADF7B3 /* Preview Content */,
			);
			path = SchoolStore;
			sourceTree = "<group>";
		};
		C2B07B522992696E00ADF7B3 /* Preview Content */ = {
			isa = PBXGroup;
			children = (
				C2B07B532992696E00ADF7B3 /* Preview Assets.xcassets */,
			);
			path = "Preview Content";
			sourceTree = "<group>";
		};
		C2B07B5A29926FCD00ADF7B3 /* Navigation */ = {
			isa = PBXGroup;
			children = (
				C2EA5DD12993981B00019A5D /*  Router */,
				C2B07B732992896D00ADF7B3 /* TabBar */,
			);
			path = Navigation;
			sourceTree = "<group>";
		};
		C2B07B5B2992708600ADF7B3 /* Resources */ = {
			isa = PBXGroup;
			children = (
				C2B07B62299272DD00ADF7B3 /* Localizable.strings */,
				C2B07B502992696E00ADF7B3 /* Assets.xcassets */,
				C2B07B64299272FB00ADF7B3 /* Generated */,
			);
			path = Resources;
			sourceTree = "<group>";
		};
		C2B07B5C299270BF00ADF7B3 /* Buisness */ = {
			isa = PBXGroup;
			children = (
				C2B07B7029927C9400ADF7B3 /* AppState */,
				C2B07B602992712900ADF7B3 /* Models */,
				C2B07B5A29926FCD00ADF7B3 /* Navigation */,
			);
			path = Buisness;
			sourceTree = "<group>";
		};
		C2B07B5F299270FF00ADF7B3 /* Modules */ = {
			isa = PBXGroup;
			children = (
				C2B07B6B29927A8F00ADF7B3 /* Auth */,
			);
			path = Modules;
			sourceTree = "<group>";
		};
		C2B07B602992712900ADF7B3 /* Models */ = {
			isa = PBXGroup;
			children = (
				C23A977629BF35EE0055B8C8 /* Person.swift */,
				C23A977829BF40CF0055B8C8 /* AuthData.swift */,
			);
			path = Models;
			sourceTree = "<group>";
		};
		C2B07B64299272FB00ADF7B3 /* Generated */ = {
			isa = PBXGroup;
			children = (
				C2B07B65299274E200ADF7B3 /* Assets.swift */,
				C2B07B67299274EB00ADF7B3 /* Strings.swift */,
			);
			path = Generated;
			sourceTree = "<group>";
		};
		C2B07B692992756C00ADF7B3 /* Common */ = {
			isa = PBXGroup;
			children = (
				C2B07B77299296C700ADF7B3 /* Modifiers */,
				C2B07B6A2992757700ADF7B3 /* UI */,
				C2B07B5B2992708600ADF7B3 /* Resources */,
			);
			path = Common;
			sourceTree = "<group>";
		};
		C2B07B6A2992757700ADF7B3 /* UI */ = {
			isa = PBXGroup;
			children = (
				C23A977329BF2D880055B8C8 /* RoundedCorners */,
				C2EA5DDF2993D99300019A5D /* InputFields */,
				C2B07B7629928AF100ADF7B3 /* Snacker */,
			);
			path = UI;
			sourceTree = "<group>";
		};
		C2B07B6B29927A8F00ADF7B3 /* Auth */ = {
			isa = PBXGroup;
			children = (
				C2B07B6C29927AAC00ADF7B3 /* AuthView.swift */,
				C2B07B6E29927B5400ADF7B3 /* AuthVM.swift */,
			);
			path = Auth;
			sourceTree = "<group>";
		};
		C2B07B7029927C9400ADF7B3 /* AppState */ = {
			isa = PBXGroup;
			children = (
				C2B07B7129927CD000ADF7B3 /* AppState.swift */,
			);
			path = AppState;
			sourceTree = "<group>";
		};
		C2B07B732992896D00ADF7B3 /* TabBar */ = {
			isa = PBXGroup;
			children = (
				C2B07B74299289BA00ADF7B3 /* TabBar.swift */,
			);
			path = TabBar;
			sourceTree = "<group>";
		};
		C2B07B7629928AF100ADF7B3 /* Snacker */ = {
			isa = PBXGroup;
			children = (
			);
			path = Snacker;
			sourceTree = "<group>";
		};
		C2B07B77299296C700ADF7B3 /* Modifiers */ = {
			isa = PBXGroup;
			children = (
				C2B07B78299296E200ADF7B3 /* AimatableFontModifier.swift */,
				C2EA5DE82993EA2A00019A5D /* InputIconModifier.swift */,
			);
			path = Modifiers;
			sourceTree = "<group>";
		};
		C2EA5DD12993981B00019A5D /*  Router */ = {
			isa = PBXGroup;
			children = (
				C2EA5DD62993A2EE00019A5D /* RouterView.swift */,
				C2EA5DD22993983400019A5D /* Routes.swift */,
				C2EA5DD4299398A100019A5D /* Router.swift */,
			);
			path = " Router";
			sourceTree = "<group>";
		};
		C2EA5DDF2993D99300019A5D /* InputFields */ = {
			isa = PBXGroup;
			children = (
				C2F47CC7299417140055DD97 /* PasswordField */,
				C2F47CC6299417040055DD97 /* EmailField */,
			);
			path = InputFields;
			sourceTree = "<group>";
		};
		C2F47CC6299417040055DD97 /* EmailField */ = {
			isa = PBXGroup;
			children = (
				C2F47CC8299417300055DD97 /* EmailFieldView.swift */,
			);
			path = EmailField;
			sourceTree = "<group>";
		};
		C2F47CC7299417140055DD97 /* PasswordField */ = {
			isa = PBXGroup;
			children = (
				C2F47CCA299418280055DD97 /* PasswordField.swift */,
			);
			path = PasswordField;
			sourceTree = "<group>";
		};
/* End PBXGroup section */

/* Begin PBXNativeTarget section */
		C2B07B482992696D00ADF7B3 /* SchoolStore */ = {
			isa = PBXNativeTarget;
			buildConfigurationList = C2B07B572992696E00ADF7B3 /* Build configuration list for PBXNativeTarget "SchoolStore" */;
			buildPhases = (
				C2B07B452992696D00ADF7B3 /* Sources */,
				C2B07B462992696D00ADF7B3 /* Frameworks */,
				C2B07B472992696D00ADF7B3 /* Resources */,
			);
			buildRules = (
			);
			dependencies = (
			);
			name = SchoolStore;
			productName = SchoolStore;
			productReference = C2B07B492992696D00ADF7B3 /* SchoolStore.app */;
			productType = "com.apple.product-type.application";
		};
/* End PBXNativeTarget section */

/* Begin PBXProject section */
		C2B07B412992696D00ADF7B3 /* Project object */ = {
			isa = PBXProject;
			attributes = {
				BuildIndependentTargetsInParallel = 1;
				LastSwiftUpdateCheck = 1420;
				LastUpgradeCheck = 1420;
				TargetAttributes = {
					C2B07B482992696D00ADF7B3 = {
						CreatedOnToolsVersion = 14.2;
					};
				};
			};
			buildConfigurationList = C2B07B442992696D00ADF7B3 /* Build configuration list for PBXProject "SchoolStore" */;
			compatibilityVersion = "Xcode 14.0";
			developmentRegion = en;
			hasScannedForEncodings = 0;
			knownRegions = (
				en,
				Base,
				ru,
			);
			mainGroup = C2B07B402992696D00ADF7B3;
			productRefGroup = C2B07B4A2992696D00ADF7B3 /* Products */;
			projectDirPath = "";
			projectRoot = "";
			targets = (
				C2B07B482992696D00ADF7B3 /* SchoolStore */,
			);
		};
/* End PBXProject section */

/* Begin PBXResourcesBuildPhase section */
		C2B07B472992696D00ADF7B3 /* Resources */ = {
			isa = PBXResourcesBuildPhase;
			buildActionMask = 2147483647;
			files = (
				C2B07B542992696E00ADF7B3 /* Preview Assets.xcassets in Resources */,
				C2B07B63299272DD00ADF7B3 /* Localizable.strings in Resources */,
				C2B07B512992696E00ADF7B3 /* Assets.xcassets in Resources */,
			);
			runOnlyForDeploymentPostprocessing = 0;
		};
/* End PBXResourcesBuildPhase section */

/* Begin PBXSourcesBuildPhase section */
		C2B07B452992696D00ADF7B3 /* Sources */ = {
			isa = PBXSourcesBuildPhase;
			buildActionMask = 2147483647;
			files = (
				C2B07B75299289BA00ADF7B3 /* TabBar.swift in Sources */,
				C2B07B6D29927AAC00ADF7B3 /* AuthView.swift in Sources */,
				C2EA5DD5299398A100019A5D /* Router.swift in Sources */,
				C2B07B79299296E200ADF7B3 /* AimatableFontModifier.swift in Sources */,
				C2B07B7229927CD000ADF7B3 /* AppState.swift in Sources */,
				C2B07B68299274EB00ADF7B3 /* Strings.swift in Sources */,
				C2EA5DD72993A2EE00019A5D /* RouterView.swift in Sources */,
				C2EA5DE92993EA2A00019A5D /* InputIconModifier.swift in Sources */,
				C2B07B66299274E200ADF7B3 /* Assets.swift in Sources */,
				C2EA5DD32993983400019A5D /* Routes.swift in Sources */,
				C2F47CCB299418280055DD97 /* PasswordField.swift in Sources */,
				C23A977529BF2DC20055B8C8 /* RoundedCorners.swift in Sources */,
				C2B07B6F29927B5400ADF7B3 /* AuthVM.swift in Sources */,
				C23A977729BF35EE0055B8C8 /* Person.swift in Sources */,
				C23A977929BF40CF0055B8C8 /* AuthData.swift in Sources */,
				C2F47CC9299417300055DD97 /* EmailFieldView.swift in Sources */,
				C2B07B4D2992696D00ADF7B3 /* SchoolStoreApp.swift in Sources */,
			);
			runOnlyForDeploymentPostprocessing = 0;
		};
/* End PBXSourcesBuildPhase section */

/* Begin XCBuildConfiguration section */
		C2B07B552992696E00ADF7B3 /* Debug */ = {
			isa = XCBuildConfiguration;
			buildSettings = {
				ALWAYS_SEARCH_USER_PATHS = NO;
				CLANG_ANALYZER_NONNULL = YES;
				CLANG_ANALYZER_NUMBER_OBJECT_CONVERSION = YES_AGGRESSIVE;
				CLANG_CXX_LANGUAGE_STANDARD = "gnu++20";
				CLANG_ENABLE_MODULES = YES;
				CLANG_ENABLE_OBJC_ARC = YES;
				CLANG_ENABLE_OBJC_WEAK = YES;
				CLANG_WARN_BLOCK_CAPTURE_AUTORELEASING = YES;
				CLANG_WARN_BOOL_CONVERSION = YES;
				CLANG_WARN_COMMA = YES;
				CLANG_WARN_CONSTANT_CONVERSION = YES;
				CLANG_WARN_DEPRECATED_OBJC_IMPLEMENTATIONS = YES;
				CLANG_WARN_DIRECT_OBJC_ISA_USAGE = YES_ERROR;
				CLANG_WARN_DOCUMENTATION_COMMENTS = YES;
				CLANG_WARN_EMPTY_BODY = YES;
				CLANG_WARN_ENUM_CONVERSION = YES;
				CLANG_WARN_INFINITE_RECURSION = YES;
				CLANG_WARN_INT_CONVERSION = YES;
				CLANG_WARN_NON_LITERAL_NULL_CONVERSION = YES;
				CLANG_WARN_OBJC_IMPLICIT_RETAIN_SELF = YES;
				CLANG_WARN_OBJC_LITERAL_CONVERSION = YES;
				CLANG_WARN_OBJC_ROOT_CLASS = YES_ERROR;
				CLANG_WARN_QUOTED_INCLUDE_IN_FRAMEWORK_HEADER = YES;
				CLANG_WARN_RANGE_LOOP_ANALYSIS = YES;
				CLANG_WARN_STRICT_PROTOTYPES = YES;
				CLANG_WARN_SUSPICIOUS_MOVE = YES;
				CLANG_WARN_UNGUARDED_AVAILABILITY = YES_AGGRESSIVE;
				CLANG_WARN_UNREACHABLE_CODE = YES;
				CLANG_WARN__DUPLICATE_METHOD_MATCH = YES;
				COPY_PHASE_STRIP = NO;
				DEBUG_INFORMATION_FORMAT = dwarf;
				ENABLE_STRICT_OBJC_MSGSEND = YES;
				ENABLE_TESTABILITY = YES;
				GCC_C_LANGUAGE_STANDARD = gnu11;
				GCC_DYNAMIC_NO_PIC = NO;
				GCC_NO_COMMON_BLOCKS = YES;
				GCC_OPTIMIZATION_LEVEL = 0;
				GCC_PREPROCESSOR_DEFINITIONS = (
					"DEBUG=1",
					"$(inherited)",
				);
				GCC_WARN_64_TO_32_BIT_CONVERSION = YES;
				GCC_WARN_ABOUT_RETURN_TYPE = YES_ERROR;
				GCC_WARN_UNDECLARED_SELECTOR = YES;
				GCC_WARN_UNINITIALIZED_AUTOS = YES_AGGRESSIVE;
				GCC_WARN_UNUSED_FUNCTION = YES;
				GCC_WARN_UNUSED_VARIABLE = YES;
				IPHONEOS_DEPLOYMENT_TARGET = 16.2;
				MTL_ENABLE_DEBUG_INFO = INCLUDE_SOURCE;
				MTL_FAST_MATH = YES;
				ONLY_ACTIVE_ARCH = YES;
				SDKROOT = iphoneos;
				SWIFT_ACTIVE_COMPILATION_CONDITIONS = DEBUG;
				SWIFT_OPTIMIZATION_LEVEL = "-Onone";
			};
			name = Debug;
		};
		C2B07B562992696E00ADF7B3 /* Release */ = {
			isa = XCBuildConfiguration;
			buildSettings = {
				ALWAYS_SEARCH_USER_PATHS = NO;
				CLANG_ANALYZER_NONNULL = YES;
				CLANG_ANALYZER_NUMBER_OBJECT_CONVERSION = YES_AGGRESSIVE;
				CLANG_CXX_LANGUAGE_STANDARD = "gnu++20";
				CLANG_ENABLE_MODULES = YES;
				CLANG_ENABLE_OBJC_ARC = YES;
				CLANG_ENABLE_OBJC_WEAK = YES;
				CLANG_WARN_BLOCK_CAPTURE_AUTORELEASING = YES;
				CLANG_WARN_BOOL_CONVERSION = YES;
				CLANG_WARN_COMMA = YES;
				CLANG_WARN_CONSTANT_CONVERSION = YES;
				CLANG_WARN_DEPRECATED_OBJC_IMPLEMENTATIONS = YES;
				CLANG_WARN_DIRECT_OBJC_ISA_USAGE = YES_ERROR;
				CLANG_WARN_DOCUMENTATION_COMMENTS = YES;
				CLANG_WARN_EMPTY_BODY = YES;
				CLANG_WARN_ENUM_CONVERSION = YES;
				CLANG_WARN_INFINITE_RECURSION = YES;
				CLANG_WARN_INT_CONVERSION = YES;
				CLANG_WARN_NON_LITERAL_NULL_CONVERSION = YES;
				CLANG_WARN_OBJC_IMPLICIT_RETAIN_SELF = YES;
				CLANG_WARN_OBJC_LITERAL_CONVERSION = YES;
				CLANG_WARN_OBJC_ROOT_CLASS = YES_ERROR;
				CLANG_WARN_QUOTED_INCLUDE_IN_FRAMEWORK_HEADER = YES;
				CLANG_WARN_RANGE_LOOP_ANALYSIS = YES;
				CLANG_WARN_STRICT_PROTOTYPES = YES;
				CLANG_WARN_SUSPICIOUS_MOVE = YES;
				CLANG_WARN_UNGUARDED_AVAILABILITY = YES_AGGRESSIVE;
				CLANG_WARN_UNREACHABLE_CODE = YES;
				CLANG_WARN__DUPLICATE_METHOD_MATCH = YES;
				COPY_PHASE_STRIP = NO;
				DEBUG_INFORMATION_FORMAT = "dwarf-with-dsym";
				ENABLE_NS_ASSERTIONS = NO;
				ENABLE_STRICT_OBJC_MSGSEND = YES;
				GCC_C_LANGUAGE_STANDARD = gnu11;
				GCC_NO_COMMON_BLOCKS = YES;
				GCC_WARN_64_TO_32_BIT_CONVERSION = YES;
				GCC_WARN_ABOUT_RETURN_TYPE = YES_ERROR;
				GCC_WARN_UNDECLARED_SELECTOR = YES;
				GCC_WARN_UNINITIALIZED_AUTOS = YES_AGGRESSIVE;
				GCC_WARN_UNUSED_FUNCTION = YES;
				GCC_WARN_UNUSED_VARIABLE = YES;
				IPHONEOS_DEPLOYMENT_TARGET = 16.2;
				MTL_ENABLE_DEBUG_INFO = NO;
				MTL_FAST_MATH = YES;
				SDKROOT = iphoneos;
				SWIFT_COMPILATION_MODE = wholemodule;
				SWIFT_OPTIMIZATION_LEVEL = "-O";
				VALIDATE_PRODUCT = YES;
			};
			name = Release;
		};
		C2B07B582992696E00ADF7B3 /* Debug */ = {
			isa = XCBuildConfiguration;
			buildSettings = {
				ASSETCATALOG_COMPILER_APPICON_NAME = AppIcon;
				ASSETCATALOG_COMPILER_GLOBAL_ACCENT_COLOR_NAME = AccentColor;
				CODE_SIGN_STYLE = Automatic;
				CURRENT_PROJECT_VERSION = 1;
				DEVELOPMENT_ASSET_PATHS = "\"SchoolStore/Preview Content\"";
				DEVELOPMENT_TEAM = GWK7SQ2Y7H;
				ENABLE_PREVIEWS = YES;
				GENERATE_INFOPLIST_FILE = YES;
				INFOPLIST_KEY_UIApplicationSceneManifest_Generation = YES;
				INFOPLIST_KEY_UIApplicationSupportsIndirectInputEvents = YES;
				INFOPLIST_KEY_UILaunchScreen_Generation = YES;
				INFOPLIST_KEY_UISupportedInterfaceOrientations = UIInterfaceOrientationPortrait;
				LD_RUNPATH_SEARCH_PATHS = (
					"$(inherited)",
					"@executable_path/Frameworks",
				);
				MARKETING_VERSION = 1.0;
				PRODUCT_BUNDLE_IDENTIFIER = com.zhivaevvd.SchoolStore;
				PRODUCT_NAME = "$(TARGET_NAME)";
				SWIFT_EMIT_LOC_STRINGS = YES;
				SWIFT_VERSION = 5.0;
				TARGETED_DEVICE_FAMILY = "1,2";
			};
			name = Debug;
		};
		C2B07B592992696E00ADF7B3 /* Release */ = {
			isa = XCBuildConfiguration;
			buildSettings = {
				ASSETCATALOG_COMPILER_APPICON_NAME = AppIcon;
				ASSETCATALOG_COMPILER_GLOBAL_ACCENT_COLOR_NAME = AccentColor;
				CODE_SIGN_STYLE = Automatic;
				CURRENT_PROJECT_VERSION = 1;
				DEVELOPMENT_ASSET_PATHS = "\"SchoolStore/Preview Content\"";
				DEVELOPMENT_TEAM = GWK7SQ2Y7H;
				ENABLE_PREVIEWS = YES;
				GENERATE_INFOPLIST_FILE = YES;
				INFOPLIST_KEY_UIApplicationSceneManifest_Generation = YES;
				INFOPLIST_KEY_UIApplicationSupportsIndirectInputEvents = YES;
				INFOPLIST_KEY_UILaunchScreen_Generation = YES;
				INFOPLIST_KEY_UISupportedInterfaceOrientations = UIInterfaceOrientationPortrait;
				LD_RUNPATH_SEARCH_PATHS = (
					"$(inherited)",
					"@executable_path/Frameworks",
				);
				MARKETING_VERSION = 1.0;
				PRODUCT_BUNDLE_IDENTIFIER = com.zhivaevvd.SchoolStore;
				PRODUCT_NAME = "$(TARGET_NAME)";
				SWIFT_EMIT_LOC_STRINGS = YES;
				SWIFT_VERSION = 5.0;
				TARGETED_DEVICE_FAMILY = "1,2";
			};
			name = Release;
		};
/* End XCBuildConfiguration section */

/* Begin XCConfigurationList section */
		C2B07B442992696D00ADF7B3 /* Build configuration list for PBXProject "SchoolStore" */ = {
			isa = XCConfigurationList;
			buildConfigurations = (
				C2B07B552992696E00ADF7B3 /* Debug */,
				C2B07B562992696E00ADF7B3 /* Release */,
			);
			defaultConfigurationIsVisible = 0;
			defaultConfigurationName = Release;
		};
		C2B07B572992696E00ADF7B3 /* Build configuration list for PBXNativeTarget "SchoolStore" */ = {
			isa = XCConfigurationList;
			buildConfigurations = (
				C2B07B582992696E00ADF7B3 /* Debug */,
				C2B07B592992696E00ADF7B3 /* Release */,
			);
			defaultConfigurationIsVisible = 0;
			defaultConfigurationName = Release;
		};
/* End XCConfigurationList section */
	};
	rootObject = C2B07B412992696D00ADF7B3 /* Project object */;
}
